
Microsoft Visual Studio Solution File, Format Version 12.00
# Visual Studio Version 17
VisualStudioVersion = 17.9.34728.123
MinimumVisualStudioVersion = 10.0.40219.1
Project("{FAE04EC0-301F-11D3-BF4B-00C04F79EFBC}") = "ex11_Ginhae_FineDust", "ex11_Ginhae_FineDust\ex11_Ginhae_FineDust.csproj", "{C01578D6-B2EF-4304-8A63-68D4EB7CFD30}"
EndProject
Global
	GlobalSection(SolutionConfigurationPlatforms) = preSolution
		Debug|Any CPU = Debug|Any CPU
		Release|Any CPU = Release|Any CPU
	EndGlobalSection
	GlobalSection(ProjectConfigurationPlatforms) = postSolution
		{C01578D6-B2EF-4304-8A63-68D4EB7CFD30}.Debug|Any CPU.ActiveCfg = Debug|Any CPU
		{C01578D6-B2EF-4304-8A63-68D4EB7CFD30}.Debug|Any CPU.Build.0 = Debug|Any CPU
		{C01578D6-B2EF-4304-8A63-68D4EB7CFD30}.Release|Any CPU.ActiveCfg = Release|Any CPU
		{C01578D6-B2EF-4304-8A63-68D4EB7CFD30}.Release|Any CPU.Build.0 = Release|Any CPU
	EndGlobalSection
	GlobalSection(SolutionProperties) = preSolution
		HideSolutionNode = FALSE
	EndGlobalSection
	GlobalSection(ExtensibilityGlobals) = postSolution
		SolutionGuid = {F16843E9-B125-4585-A9F3-84BE592B14DE}
	EndGlobalSection
EndGlobal
